
Microsoft Visual Studio Solution File, Format Version 12.00
# Visual Studio Version 17
VisualStudioVersion = 17.1.32210.238
MinimumVisualStudioVersion = 10.0.40219.1
Project("{8BC9CEB8-8B4A-11D0-8D11-00A0C91BC942}") = "ICE_Sim_Test", "ICE_Sim_Test\ICE_Sim_Test.vcxproj", "{7E913464-8089-4B32-9DE0-46B5EFD5CD8A}"
EndProject
Global
	GlobalSection(SolutionConfigurationPlatforms) = preSolution
		debug_|x64 = debug_|x64
		debug_|x86 = debug_|x86
		Debug|x64 = Debug|x64
		Debug|x86 = Debug|x86
		Release|x64 = Release|x64
		Release|x86 = Release|x86
	EndGlobalSection
	GlobalSection(ProjectConfigurationPlatforms) = postSolution
		{7E913464-8089-4B32-9DE0-46B5EFD5CD8A}.debug_|x64.ActiveCfg = Debug|x64
		{7E913464-8089-4B32-9DE0-46B5EFD5CD8A}.debug_|x64.Build.0 = Debug|x64
		{7E913464-8089-4B32-9DE0-46B5EFD5CD8A}.debug_|x86.ActiveCfg = debug_|Win32
		{7E913464-8089-4B32-9DE0-46B5EFD5CD8A}.debug_|x86.Build.0 = debug_|Win32
		{7E913464-8089-4B32-9DE0-46B5EFD5CD8A}.Debug|x64.ActiveCfg = Debug|x64
		{7E913464-8089-4B32-9DE0-46B5EFD5CD8A}.Debug|x64.Build.0 = Debug|x64
		{7E913464-8089-4B32-9DE0-46B5EFD5CD8A}.Debug|x86.ActiveCfg = Debug|Win32
		{7E913464-8089-4B32-9DE0-46B5EFD5CD8A}.Debug|x86.Build.0 = Debug|Win32
		{7E913464-8089-4B32-9DE0-46B5EFD5CD8A}.Release|x64.ActiveCfg = Release|x64
		{7E913464-8089-4B32-9DE0-46B5EFD5CD8A}.Release|x64.Build.0 = Release|x64
		{7E913464-8089-4B32-9DE0-46B5EFD5CD8A}.Release|x86.ActiveCfg = Release|Win32
		{7E913464-8089-4B32-9DE0-46B5EFD5CD8A}.Release|x86.Build.0 = Release|Win32
	EndGlobalSection
	GlobalSection(SolutionProperties) = preSolution
		HideSolutionNode = FALSE
	EndGlobalSection
	GlobalSection(ExtensibilityGlobals) = postSolution
		SolutionGuid = {E9A3C1AD-0BCF-49FF-AB9E-3C58D4094B40}
	EndGlobalSection
EndGlobal
